<?xml version="1.0" encoding="utf-8"?>
<Project ToolsVersion="4.0" xmlns="http://schemas.microsoft.com/developer/msbuild/2003">
  <ItemGroup>
    <Filter Include="Source Files">
      <UniqueIdentifier>{4FC737F1-C7A5-4376-A066-2A32D752A2FF}</UniqueIdentifier>
      <Extensions>cpp;c;cc;cxx;def;odl;idl;hpj;bat;asm;asmx</Extensions>
    </Filter>
    <Filter Include="Header Files">
      <UniqueIdentifier>{93995380-89BD-4b04-88EB-625FBE52EBFB}</UniqueIdentifier>
      <Extensions>h;hh;hpp;hxx;hm;inl;inc;xsd</Extensions>
    </Filter>
    <Filter Include="Resource Files">
      <UniqueIdentifier>{67DA6AB6-F800-4c08-8B7A-83BB121AAD01}</UniqueIdentifier>
      <Extensions>rc;ico;cur;bmp;dlg;rc2;rct;bin;rgs;gif;jpg;jpeg;jpe;resx;tiff;tif;png;wav;mfcribbon-ms</Extensions>
    </Filter>
  </ItemGroup>
  <ItemGroup>
    <ClCompile Include="src\appender.cpp">
      <Filter>Source Files</Filter>
    </ClCompile>
    <ClCompile Include="src\appenderfactory.cpp">
      <Filter>Source Files</Filter>
    </ClCompile>
    <ClCompile Include="src\clio.cpp">
      <Filter>Source Files</Filter>
    </ClCompile>
    <ClCompile Include="src\dllmain.cpp">
      <Filter>Source Files</Filter>
    </ClCompile>
    <ClCompile Include="src\hexdump.cpp">
      <Filter>Source Files</Filter>
    </ClCompile>
    <ClCompile Include="src\layout.cpp">
      <Filter>Source Files</Filter>
    </ClCompile>
    <ClCompile Include="src\layoutfactory.cpp">
      <Filter>Source Files</Filter>
    </ClCompile>
    <ClCompile Include="src\logger.cpp">
      <Filter>Source Files</Filter>
    </ClCompile>
    <ClCompile Include="src\loggermanager.cpp">
      <Filter>Source Files</Filter>
    </ClCompile>
    <ClCompile Include="src\loglevel.cpp">
      <Filter>Source Files</Filter>
    </ClCompile>
    <ClCompile Include="src\logline.cpp">
      <Filter>Source Files</Filter>
    </ClCompile>
    <ClCompile Include="src\tinyxml2.cpp">
      <Filter>Source Files</Filter>
    </ClCompile>
    <ClCompile Include="src\layouts\patternlayout.cpp">
      <Filter>Source Files</Filter>
    </ClCompile>
    <ClCompile Include="src\appenders\consoleappender.cpp">
      <Filter>Source Files</Filter>
    </ClCompile>
    <ClCompile Include="src\appenders\fileappender.cpp">
      <Filter>Source Files</Filter>
    </ClCompile>
    <ClCompile Include="src\appenders\rollingfileappender.cpp">
      <Filter>Source Files</Filter>
    </ClCompile>
  </ItemGroup>
  <ItemGroup>
    <ClInclude Include="src\appender.h">
      <Filter>Header Files</Filter>
    </ClInclude>
    <ClInclude Include="src\appenderfactory.h">
      <Filter>Header Files</Filter>
    </ClInclude>
    <ClInclude Include="src\clio.h">
      <Filter>Header Files</Filter>
    </ClInclude>
    <ClInclude Include="src\clioapi.h">
      <Filter>Header Files</Filter>
    </ClInclude>
    <ClInclude Include="src\hexdump.h">
      <Filter>Header Files</Filter>
    </ClInclude>
    <ClInclude Include="src\layout.h">
      <Filter>Header Files</Filter>
    </ClInclude>
    <ClInclude Include="src\layoutfactory.h">
      <Filter>Header Files</Filter>
    </ClInclude>
    <ClInclude Include="src\logger.h">
      <Filter>Header Files</Filter>
    </ClInclude>
    <ClInclude Include="src\loggermanager.h">
      <Filter>Header Files</Filter>
    </ClInclude>
    <ClInclude Include="src\loglevel.h">
      <Filter>Header Files</Filter>
    </ClInclude>
    <ClInclude Include="src\logline.h">
      <Filter>Header Files</Filter>
    </ClInclude>
    <ClInclude Include="src\propertymap.h">
      <Filter>Header Files</Filter>
    </ClInclude>
    <ClInclude Include="src\tinyxml2.h">
      <Filter>Header Files</Filter>
    </ClInclude>
    <ClInclude Include="src\layouts\patternlayout.h">
      <Filter>Header Files</Filter>
    </ClInclude>
    <ClInclude Include="src\appenders\consoleappender.h">
      <Filter>Header Files</Filter>
    </ClInclude>
    <ClInclude Include="src\appenders\fileappender.h">
      <Filter>Header Files</Filter>
    </ClInclude>
    <ClInclude Include="src\appenders\rollingfileappender.h">
      <Filter>Header Files</Filter>
    </ClInclude>
  </ItemGroup>
</Project>